
Microsoft Visual Studio Solution File, Format Version 12.00
# Visual Studio Version 17
VisualStudioVersion = 17.2.32616.157
MinimumVisualStudioVersion = 10.0.40219.1
Project("{FAE04EC0-301F-11D3-BF4B-00C04F79EFBC}") = "Primeiro", "Primeiro\Primeiro.csproj", "{480162AA-D28C-474E-9785-6628927B9783}"
EndProject
Global
	GlobalSection(SolutionConfigurationPlatforms) = preSolution
		Debug|Any CPU = Debug|Any CPU
		Release|Any CPU = Release|Any CPU
	EndGlobalSection
	GlobalSection(ProjectConfigurationPlatforms) = postSolution
		{480162AA-D28C-474E-9785-6628927B9783}.Debug|Any CPU.ActiveCfg = Debug|Any CPU
		{480162AA-D28C-474E-9785-6628927B9783}.Debug|Any CPU.Build.0 = Debug|Any CPU
		{480162AA-D28C-474E-9785-6628927B9783}.Release|Any CPU.ActiveCfg = Release|Any CPU
		{480162AA-D28C-474E-9785-6628927B9783}.Release|Any CPU.Build.0 = Release|Any CPU
	EndGlobalSection
	GlobalSection(SolutionProperties) = preSolution
		HideSolutionNode = FALSE
	EndGlobalSection
	GlobalSection(ExtensibilityGlobals) = postSolution
		SolutionGuid = {C3A6150A-3C1F-4731-A63D-F1AA69041462}
	EndGlobalSection
EndGlobal
